{
  "version": 4,
  "terraform_version": "1.2.7",
  "serial": 34,
  "lineage": "4975f64d-b338-e62e-ae2a-8dfd26c557e7",
  "outputs": {},
  "resources": [
    {
      "mode": "managed",
      "type": "aws_dynamodb_table",
      "name": "dynamodb_terraform_state",
      "provider": "provider[\"registry.terraform.io/hashicorp/aws\"]",
      "instances": [
        {
          "schema_version": 1,
          "attributes": {
            "arn": "arn:aws:dynamodb:us-east-1:570396479773:table/terraform-state-lock",
            "attribute": [
              {
                "name": "LockID",
                "type": "S"
              }
            ],
            "billing_mode": "PROVISIONED",
            "global_secondary_index": [],
            "hash_key": "LockID",
            "id": "terraform-state-lock",
            "local_secondary_index": [],
            "name": "terraform-state-lock",
            "point_in_time_recovery": [
              {
                "enabled": false
              }
            ],
            "range_key": null,
            "read_capacity": 20,
            "replica": [],
            "restore_date_time": null,
            "restore_source_name": null,
            "restore_to_latest_time": null,
            "server_side_encryption": [],
            "stream_arn": "",
            "stream_enabled": false,
            "stream_label": "",
            "stream_view_type": "",
            "table_class": "",
            "tags": {},
            "tags_all": {},
            "timeouts": null,
            "ttl": [
              {
                "attribute_name": "",
                "enabled": false
              }
            ],
            "write_capacity": 20
          },
          "sensitive_attributes": [],
          "private": "eyJlMmJmYjczMC1lY2FhLTExZTYtOGY4OC0zNDM2M2JjN2M0YzAiOnsiY3JlYXRlIjoxODAwMDAwMDAwMDAwLCJkZWxldGUiOjYwMDAwMDAwMDAwMCwidXBkYXRlIjozNjAwMDAwMDAwMDAwfSwic2NoZW1hX3ZlcnNpb24iOiIxIn0="
        }
      ]
    },
    {
      "mode": "managed",
      "type": "aws_ecr_repository",
      "name": "ecr-repository",
      "provider": "provider[\"registry.terraform.io/hashicorp/aws\"]",
      "instances": [
        {
          "index_key": 0,
          "schema_version": 0,
          "attributes": {
            "arn": "arn:aws:ecr:us-east-1:570396479773:repository/liatrio-int",
            "encryption_configuration": [
              {
                "encryption_type": "AES256",
                "kms_key": ""
              }
            ],
            "force_delete": null,
            "id": "liatrio-int",
            "image_scanning_configuration": [
              {
                "scan_on_push": true
              }
            ],
            "image_tag_mutability": "MUTABLE",
            "name": "liatrio-int",
            "registry_id": "570396479773",
            "repository_url": "570396479773.dkr.ecr.us-east-1.amazonaws.com/liatrio-int",
            "tags": {},
            "tags_all": {},
            "timeouts": null
          },
          "sensitive_attributes": [],
          "private": "eyJlMmJmYjczMC1lY2FhLTExZTYtOGY4OC0zNDM2M2JjN2M0YzAiOnsiZGVsZXRlIjoxMjAwMDAwMDAwMDAwfX0="
        }
      ]
    },
    {
      "mode": "managed",
      "type": "aws_iam_account_password_policy",
      "name": "strict",
      "provider": "provider[\"registry.terraform.io/hashicorp/aws\"]",
      "instances": [
        {
          "schema_version": 0,
          "attributes": {
            "allow_users_to_change_password": true,
            "expire_passwords": false,
            "hard_expiry": false,
            "id": "iam-account-password-policy",
            "max_password_age": 0,
            "minimum_password_length": 8,
            "password_reuse_prevention": 0,
            "require_lowercase_characters": true,
            "require_numbers": true,
            "require_symbols": false,
            "require_uppercase_characters": true
          },
          "sensitive_attributes": [],
          "private": "bnVsbA=="
        }
      ]
    },
    {
      "mode": "managed",
      "type": "aws_iam_user",
      "name": "user_au_tf",
      "provider": "provider[\"registry.terraform.io/hashicorp/aws\"]",
      "instances": [
        {
          "schema_version": 0,
          "attributes": {
            "arn": "arn:aws:iam::570396479773:user/au/au_tf",
            "force_destroy": false,
            "id": "au_tf",
            "name": "au_tf",
            "path": "/au/",
            "permissions_boundary": null,
            "tags": null,
            "tags_all": {},
            "unique_id": "AIDAYJTSHSEOV4A4SN6TJ"
          },
          "sensitive_attributes": [],
          "private": "bnVsbA=="
        }
      ]
    },
    {
      "mode": "managed",
      "type": "aws_iam_user",
      "name": "users_employees",
      "provider": "provider[\"registry.terraform.io/hashicorp/aws\"]",
      "instances": [
        {
          "index_key": 0,
          "schema_version": 0,
          "attributes": {
            "arn": "arn:aws:iam::570396479773:user/employees/kyle.sorrels",
            "force_destroy": false,
            "id": "kyle.sorrels",
            "name": "kyle.sorrels",
            "path": "/employees/",
            "permissions_boundary": null,
            "tags": {},
            "tags_all": {},
            "unique_id": "AIDAYJTSHSEOTU2IX4N64"
          },
          "sensitive_attributes": [],
          "private": "bnVsbA=="
        }
      ]
    },
    {
      "mode": "managed",
      "type": "aws_iam_user_policy",
      "name": "employee_policy",
      "provider": "provider[\"registry.terraform.io/hashicorp/aws\"]",
      "instances": [
        {
          "index_key": 0,
          "schema_version": 0,
          "attributes": {
            "id": "kyle.sorrels:std_employee_policy",
            "name": "std_employee_policy",
            "name_prefix": null,
            "policy": "{\n  \"Version\": \"2012-10-17\",\n  \"Statement\": [\n    {\n        \"Sid\": \"AllowManageOwnVirtualMFADevice\",\n        \"Effect\": \"Allow\",\n        \"Action\": [\n            \"iam:CreateVirtualMFADevice\",\n            \"iam:DeleteVirtualMFADevice\",\n            \"iam:DeactivateMFADevice\",\n            \"iam:EnableMFADevice\",\n            \"iam:GetUser\",\n            \"iam:ListMFADevices\",\n            \"iam:ResyncMFADevice\",\n            \"ecr:*\",\n            \"codeartifact:*\",\n            \"sts:GetServiceBearerToken\"\n        ],\n        \"Resource\": \"*\"\n    },\n    {\n        \"Sid\": \"AllowViewAccountInfo\",\n        \"Effect\": \"Allow\",\n        \"Action\": [\n            \"iam:ListVirtualMFADevices\",\n            \"iam:GetAccountPasswordPolicy\",\n            \"iam:GetAccountSummary\"\n        ],\n        \"Resource\": \"*\"\n    },\n    {\n        \"Sid\": \"AllowManageOwnPasswords\",\n        \"Effect\": \"Allow\",\n        \"Action\": [\n            \"iam:ChangePassword\",\n            \"iam:GetUser\"\n        ],\n        \"Resource\": \"arn:aws:iam::*:user/employees/${aws:username}\"\n    },\n    {\n        \"Sid\": \"AllowManageOwnAccessKeys\",\n        \"Effect\": \"Allow\",\n        \"Action\": [\n            \"iam:CreateAccessKey\",\n            \"iam:DeleteAccessKey\",\n            \"iam:ListAccessKeys\",\n            \"iam:UpdateAccessKey\"\n        ],\n        \"Resource\": \"arn:aws:iam::*:user/employees/${aws:username}\"\n    },\n    {\n        \"Sid\": \"AllowManageOwnSSHPublicKeys\",\n        \"Effect\": \"Allow\",\n        \"Action\": [\n            \"iam:DeleteSSHPublicKey\",\n            \"iam:GetSSHPublicKey\",\n            \"iam:ListSSHPublicKeys\",\n            \"iam:UpdateSSHPublicKey\",\n            \"iam:UploadSSHPublicKey\"\n        ],\n        \"Resource\": \"arn:aws:iam::*:user/employees/${aws:username}\"\n    }\n  ]\n}\n",
            "user": "kyle.sorrels"
          },
          "sensitive_attributes": [],
          "private": "bnVsbA=="
        }
      ]
    },
    {
      "mode": "managed",
      "type": "aws_iam_user_policy",
      "name": "terraform_automated_user",
      "provider": "provider[\"registry.terraform.io/hashicorp/aws\"]",
      "instances": [
        {
          "schema_version": 0,
          "attributes": {
            "id": "au_tf:au_tf_user",
            "name": "au_tf_user",
            "name_prefix": null,
            "policy": "{\n  \"Version\": \"2012-10-17\",\n  \"Statement\": [\n    {\n        \"Effect\": \"Allow\",\n        \"Action\": \"*\",\n        \"Resource\": \"*\",\n        \"Condition\": {\n            \"StringEquals\": {\n                \"aws:RequestedRegion\": \"us-east-1\"\n            }\n        }\n    }\n]\n}\n",
            "user": "au_tf"
          },
          "sensitive_attributes": [],
          "private": "bnVsbA=="
        }
      ]
    },
    {
      "mode": "managed",
      "type": "aws_iam_user_policy_attachment",
      "name": "test-attach",
      "provider": "provider[\"registry.terraform.io/hashicorp/aws\"]",
      "instances": [
        {
          "index_key": 0,
          "schema_version": 0,
          "attributes": {
            "id": "kyle.sorrels-20220817140609488500000001",
            "policy_arn": "arn:aws:iam::570396479773:policy/dev-readonly",
            "user": "kyle.sorrels"
          },
          "sensitive_attributes": [],
          "private": "bnVsbA==",
          "dependencies": [
            "module.iam_readonly_policy.aws_iam_policy.policy",
            "module.iam_readonly_policy.data.aws_iam_policy_document.allowed_services",
            "module.iam_readonly_policy.data.aws_iam_policy_document.combined",
            "module.iam_readonly_policy.data.aws_iam_policy_document.console_services",
            "module.iam_readonly_policy.data.aws_iam_policy_document.logs_query",
            "module.iam_readonly_policy.data.aws_iam_policy_document.sts"
          ]
        }
      ]
    },
    {
      "mode": "managed",
      "type": "aws_kms_key",
      "name": "eks_default",
      "provider": "provider[\"registry.terraform.io/hashicorp/aws\"]",
      "instances": [
        {
          "schema_version": 0,
          "attributes": {
            "arn": "arn:aws:kms:us-east-1:570396479773:key/4672ce60-d5b6-4143-bd14-089e6be2d120",
            "bypass_policy_lockout_safety_check": false,
            "customer_master_key_spec": "SYMMETRIC_DEFAULT",
            "deletion_window_in_days": 7,
            "description": "EKS Secret Encryption Key",
            "enable_key_rotation": true,
            "id": "4672ce60-d5b6-4143-bd14-089e6be2d120",
            "is_enabled": true,
            "key_id": "4672ce60-d5b6-4143-bd14-089e6be2d120",
            "key_usage": "ENCRYPT_DECRYPT",
            "multi_region": false,
            "policy": "{\"Id\":\"key-default-1\",\"Statement\":[{\"Action\":\"kms:*\",\"Effect\":\"Allow\",\"Principal\":{\"AWS\":\"arn:aws:iam::570396479773:root\"},\"Resource\":\"*\",\"Sid\":\"Enable IAM User Permissions\"}],\"Version\":\"2012-10-17\"}",
            "tags": {
              "Environment": "dev",
              "Terraform": "true"
            },
            "tags_all": {
              "Environment": "dev",
              "Terraform": "true"
            }
          },
          "sensitive_attributes": [],
          "private": "bnVsbA==",
          "create_before_destroy": true
        }
      ]
    },
    {
      "mode": "managed",
      "type": "aws_s3_bucket",
      "name": "state_bucket",
      "provider": "provider[\"registry.terraform.io/hashicorp/aws\"]",
      "instances": [
        {
          "schema_version": 0,
          "attributes": {
            "acceleration_status": "",
            "acl": "private",
            "arn": "arn:aws:s3:::liatriointerviewterrafromstate",
            "bucket": "liatriointerviewterrafromstate",
            "bucket_domain_name": "liatriointerviewterrafromstate.s3.amazonaws.com",
            "bucket_prefix": null,
            "bucket_regional_domain_name": "liatriointerviewterrafromstate.s3.amazonaws.com",
            "cors_rule": [],
            "force_destroy": false,
            "grant": [
              {
                "id": "db8236be785f681d1279dc9102df5e4c36dd1892f71a86930e77a2c725716678",
                "permissions": [
                  "FULL_CONTROL"
                ],
                "type": "CanonicalUser",
                "uri": ""
              }
            ],
            "hosted_zone_id": "Z3AQBSTGFYJSTF",
            "id": "liatriointerviewterrafromstate",
            "lifecycle_rule": [],
            "logging": [],
            "object_lock_configuration": [],
            "object_lock_enabled": false,
            "policy": "",
            "region": "us-east-1",
            "replication_configuration": [],
            "request_payer": "BucketOwner",
            "server_side_encryption_configuration": [],
            "tags": {},
            "tags_all": {},
            "timeouts": null,
            "versioning": [
              {
                "enabled": false,
                "mfa_delete": false
              }
            ],
            "website": [],
            "website_domain": null,
            "website_endpoint": null
          },
          "sensitive_attributes": [],
          "private": "eyJlMmJmYjczMC1lY2FhLTExZTYtOGY4OC0zNDM2M2JjN2M0YzAiOnsiY3JlYXRlIjoxMjAwMDAwMDAwMDAwLCJkZWxldGUiOjM2MDAwMDAwMDAwMDAsInJlYWQiOjEyMDAwMDAwMDAwMDAsInVwZGF0ZSI6MTIwMDAwMDAwMDAwMH19"
        }
      ]
    },
    {
      "module": "module.eks",
      "mode": "data",
      "type": "aws_caller_identity",
      "name": "current",
      "provider": "provider[\"registry.terraform.io/hashicorp/aws\"]",
      "instances": [
        {
          "schema_version": 0,
          "attributes": {
            "account_id": "570396479773",
            "arn": "arn:aws:iam::570396479773:user/elenor",
            "id": "570396479773",
            "user_id": "AIDAYJTSHSEO76WXE7TKG"
          },
          "sensitive_attributes": []
        }
      ]
    },
    {
      "module": "module.eks",
      "mode": "data",
      "type": "aws_partition",
      "name": "current",
      "provider": "provider[\"registry.terraform.io/hashicorp/aws\"]",
      "instances": [
        {
          "schema_version": 0,
          "attributes": {
            "dns_suffix": "amazonaws.com",
            "id": "aws",
            "partition": "aws",
            "reverse_dns_prefix": "com.amazonaws"
          },
          "sensitive_attributes": []
        }
      ]
    },
    {
      "module": "module.eks.module.kms",
      "mode": "data",
      "type": "aws_caller_identity",
      "name": "current",
      "provider": "provider[\"registry.terraform.io/hashicorp/aws\"]",
      "instances": [
        {
          "schema_version": 0,
          "attributes": {
            "account_id": "570396479773",
            "arn": "arn:aws:iam::570396479773:user/elenor",
            "id": "570396479773",
            "user_id": "AIDAYJTSHSEO76WXE7TKG"
          },
          "sensitive_attributes": []
        }
      ]
    },
    {
      "module": "module.eks.module.kms",
      "mode": "data",
      "type": "aws_partition",
      "name": "current",
      "provider": "provider[\"registry.terraform.io/hashicorp/aws\"]",
      "instances": [
        {
          "schema_version": 0,
          "attributes": {
            "dns_suffix": "amazonaws.com",
            "id": "aws",
            "partition": "aws",
            "reverse_dns_prefix": "com.amazonaws"
          },
          "sensitive_attributes": []
        }
      ]
    },
    {
      "module": "module.iam_readonly_policy",
      "mode": "data",
      "type": "aws_iam_policy_document",
      "name": "allowed_services",
      "provider": "provider[\"registry.terraform.io/hashicorp/aws\"]",
      "instances": [
        {
          "schema_version": 0,
          "attributes": {
            "id": "2606165327",
            "json": "{\n  \"Version\": \"2012-10-17\",\n  \"Statement\": [\n    {\n      \"Sid\": \"codeartifact\",\n      \"Effect\": \"Allow\",\n      \"Action\": [\n        \"codeartifact:View*\",\n        \"codeartifact:List*\",\n        \"codeartifact:Get*\",\n        \"codeartifact:Describe*\"\n      ],\n      \"Resource\": \"*\"\n    },\n    {\n      \"Sid\": \"ec2\",\n      \"Effect\": \"Allow\",\n      \"Action\": [\n        \"ec2:View*\",\n        \"ec2:List*\",\n        \"ec2:Get*\",\n        \"ec2:Describe*\"\n      ],\n      \"Resource\": \"*\"\n    },\n    {\n      \"Sid\": \"lambda\",\n      \"Effect\": \"Allow\",\n      \"Action\": [\n        \"lambda:View*\",\n        \"lambda:List*\",\n        \"lambda:Get*\",\n        \"lambda:Describe*\"\n      ],\n      \"Resource\": \"*\"\n    },\n    {\n      \"Sid\": \"rds\",\n      \"Effect\": \"Allow\",\n      \"Action\": [\n        \"rds:View*\",\n        \"rds:List*\",\n        \"rds:Get*\",\n        \"rds:Describe*\"\n      ],\n      \"Resource\": \"*\"\n    },\n    {\n      \"Sid\": \"route53\",\n      \"Effect\": \"Allow\",\n      \"Action\": [\n        \"route53:View*\",\n        \"route53:List*\",\n        \"route53:Get*\",\n        \"route53:Describe*\"\n      ],\n      \"Resource\": \"*\"\n    },\n    {\n      \"Sid\": \"route53domain\",\n      \"Effect\": \"Allow\",\n      \"Action\": [\n        \"route53domain:View*\",\n        \"route53domain:List*\",\n        \"route53domain:Get*\",\n        \"route53domain:Describe*\"\n      ],\n      \"Resource\": \"*\"\n    },\n    {\n      \"Sid\": \"s3\",\n      \"Effect\": \"Allow\",\n      \"Action\": [\n        \"s3:View*\",\n        \"s3:List*\",\n        \"s3:Get*\",\n        \"s3:Describe*\"\n      ],\n      \"Resource\": \"*\"\n    }\n  ]\n}",
            "override_json": null,
            "override_policy_documents": null,
            "policy_id": null,
            "source_json": null,
            "source_policy_documents": null,
            "statement": [
              {
                "actions": [
                  "codeartifact:Describe*",
                  "codeartifact:Get*",
                  "codeartifact:List*",
                  "codeartifact:View*"
                ],
                "condition": [],
                "effect": "Allow",
                "not_actions": [],
                "not_principals": [],
                "not_resources": [],
                "principals": [],
                "resources": [
                  "*"
                ],
                "sid": "codeartifact"
              },
              {
                "actions": [
                  "ec2:Describe*",
                  "ec2:Get*",
                  "ec2:List*",
                  "ec2:View*"
                ],
                "condition": [],
                "effect": "Allow",
                "not_actions": [],
                "not_principals": [],
                "not_resources": [],
                "principals": [],
                "resources": [
                  "*"
                ],
                "sid": "ec2"
              },
              {
                "actions": [
                  "lambda:Describe*",
                  "lambda:Get*",
                  "lambda:List*",
                  "lambda:View*"
                ],
                "condition": [],
                "effect": "Allow",
                "not_actions": [],
                "not_principals": [],
                "not_resources": [],
                "principals": [],
                "resources": [
                  "*"
                ],
                "sid": "lambda"
              },
              {
                "actions": [
                  "rds:Describe*",
                  "rds:Get*",
                  "rds:List*",
                  "rds:View*"
                ],
                "condition": [],
                "effect": "Allow",
                "not_actions": [],
                "not_principals": [],
                "not_resources": [],
                "principals": [],
                "resources": [
                  "*"
                ],
                "sid": "rds"
              },
              {
                "actions": [
                  "route53:Describe*",
                  "route53:Get*",
                  "route53:List*",
                  "route53:View*"
                ],
                "condition": [],
                "effect": "Allow",
                "not_actions": [],
                "not_principals": [],
                "not_resources": [],
                "principals": [],
                "resources": [
                  "*"
                ],
                "sid": "route53"
              },
              {
                "actions": [
                  "route53domain:Describe*",
                  "route53domain:Get*",
                  "route53domain:List*",
                  "route53domain:View*"
                ],
                "condition": [],
                "effect": "Allow",
                "not_actions": [],
                "not_principals": [],
                "not_resources": [],
                "principals": [],
                "resources": [
                  "*"
                ],
                "sid": "route53domain"
              },
              {
                "actions": [
                  "s3:Describe*",
                  "s3:Get*",
                  "s3:List*",
                  "s3:View*"
                ],
                "condition": [],
                "effect": "Allow",
                "not_actions": [],
                "not_principals": [],
                "not_resources": [],
                "principals": [],
                "resources": [
                  "*"
                ],
                "sid": "s3"
              }
            ],
            "version": "2012-10-17"
          },
          "sensitive_attributes": []
        }
      ]
    },
    {
      "module": "module.iam_readonly_policy",
      "mode": "data",
      "type": "aws_iam_policy_document",
      "name": "combined",
      "provider": "provider[\"registry.terraform.io/hashicorp/aws\"]",
      "instances": [
        {
          "schema_version": 0,
          "attributes": {
            "id": "3286981573",
            "json": "{\n  \"Version\": \"2012-10-17\",\n  \"Statement\": [\n    {\n      \"Sid\": \"codeartifact\",\n      \"Effect\": \"Allow\",\n      \"Action\": [\n        \"codeartifact:View*\",\n        \"codeartifact:List*\",\n        \"codeartifact:Get*\",\n        \"codeartifact:Describe*\"\n      ],\n      \"Resource\": \"*\"\n    },\n    {\n      \"Sid\": \"ec2\",\n      \"Effect\": \"Allow\",\n      \"Action\": [\n        \"ec2:View*\",\n        \"ec2:List*\",\n        \"ec2:Get*\",\n        \"ec2:Describe*\"\n      ],\n      \"Resource\": \"*\"\n    },\n    {\n      \"Sid\": \"lambda\",\n      \"Effect\": \"Allow\",\n      \"Action\": [\n        \"lambda:View*\",\n        \"lambda:List*\",\n        \"lambda:Get*\",\n        \"lambda:Describe*\"\n      ],\n      \"Resource\": \"*\"\n    },\n    {\n      \"Sid\": \"rds\",\n      \"Effect\": \"Allow\",\n      \"Action\": [\n        \"rds:View*\",\n        \"rds:List*\",\n        \"rds:Get*\",\n        \"rds:Describe*\"\n      ],\n      \"Resource\": \"*\"\n    },\n    {\n      \"Sid\": \"route53\",\n      \"Effect\": \"Allow\",\n      \"Action\": [\n        \"route53:View*\",\n        \"route53:List*\",\n        \"route53:Get*\",\n        \"route53:Describe*\"\n      ],\n      \"Resource\": \"*\"\n    },\n    {\n      \"Sid\": \"route53domain\",\n      \"Effect\": \"Allow\",\n      \"Action\": [\n        \"route53domain:View*\",\n        \"route53domain:List*\",\n        \"route53domain:Get*\",\n        \"route53domain:Describe*\"\n      ],\n      \"Resource\": \"*\"\n    },\n    {\n      \"Sid\": \"s3\",\n      \"Effect\": \"Allow\",\n      \"Action\": [\n        \"s3:View*\",\n        \"s3:List*\",\n        \"s3:Get*\",\n        \"s3:Describe*\"\n      ],\n      \"Resource\": \"*\"\n    },\n    {\n      \"Sid\": \"ce\",\n      \"Effect\": \"Allow\",\n      \"Action\": [\n        \"ce:View*\",\n        \"ce:List*\",\n        \"ce:Get*\",\n        \"ce:Describe*\"\n      ],\n      \"Resource\": \"*\"\n    },\n    {\n      \"Sid\": \"health\",\n      \"Effect\": \"Allow\",\n      \"Action\": [\n        \"health:View*\",\n        \"health:List*\",\n        \"health:Get*\",\n        \"health:Describe*\"\n      ],\n      \"Resource\": \"*\"\n    },\n    {\n      \"Sid\": \"resourcegroups\",\n      \"Effect\": \"Allow\",\n      \"Action\": [\n        \"resource-groups:View*\",\n        \"resource-groups:List*\",\n        \"resource-groups:Get*\",\n        \"resource-groups:Describe*\"\n      ],\n      \"Resource\": \"*\"\n    },\n    {\n      \"Sid\": \"tag\",\n      \"Effect\": \"Allow\",\n      \"Action\": [\n        \"tag:View*\",\n        \"tag:List*\",\n        \"tag:Get*\",\n        \"tag:Describe*\"\n      ],\n      \"Resource\": \"*\"\n    },\n    {\n      \"Sid\": \"STS\",\n      \"Effect\": \"Allow\",\n      \"Action\": [\n        \"sts:GetSessionToken\",\n        \"sts:GetCallerIdentity\",\n        \"sts:GetAccessKeyInfo\"\n      ],\n      \"Resource\": \"*\"\n    },\n    {\n      \"Sid\": \"AllowLogsQuery\",\n      \"Effect\": \"Allow\",\n      \"Action\": [\n        \"logs:StopQuery\",\n        \"logs:StartQuery\",\n        \"logs:FilterLogEvents\"\n      ],\n      \"Resource\": \"*\"\n    }\n  ]\n}",
            "override_json": null,
            "override_policy_documents": null,
            "policy_id": null,
            "source_json": null,
            "source_policy_documents": [
              "{\n  \"Version\": \"2012-10-17\",\n  \"Statement\": [\n    {\n      \"Sid\": \"codeartifact\",\n      \"Effect\": \"Allow\",\n      \"Action\": [\n        \"codeartifact:View*\",\n        \"codeartifact:List*\",\n        \"codeartifact:Get*\",\n        \"codeartifact:Describe*\"\n      ],\n      \"Resource\": \"*\"\n    },\n    {\n      \"Sid\": \"ec2\",\n      \"Effect\": \"Allow\",\n      \"Action\": [\n        \"ec2:View*\",\n        \"ec2:List*\",\n        \"ec2:Get*\",\n        \"ec2:Describe*\"\n      ],\n      \"Resource\": \"*\"\n    },\n    {\n      \"Sid\": \"lambda\",\n      \"Effect\": \"Allow\",\n      \"Action\": [\n        \"lambda:View*\",\n        \"lambda:List*\",\n        \"lambda:Get*\",\n        \"lambda:Describe*\"\n      ],\n      \"Resource\": \"*\"\n    },\n    {\n      \"Sid\": \"rds\",\n      \"Effect\": \"Allow\",\n      \"Action\": [\n        \"rds:View*\",\n        \"rds:List*\",\n        \"rds:Get*\",\n        \"rds:Describe*\"\n      ],\n      \"Resource\": \"*\"\n    },\n    {\n      \"Sid\": \"route53\",\n      \"Effect\": \"Allow\",\n      \"Action\": [\n        \"route53:View*\",\n        \"route53:List*\",\n        \"route53:Get*\",\n        \"route53:Describe*\"\n      ],\n      \"Resource\": \"*\"\n    },\n    {\n      \"Sid\": \"route53domain\",\n      \"Effect\": \"Allow\",\n      \"Action\": [\n        \"route53domain:View*\",\n        \"route53domain:List*\",\n        \"route53domain:Get*\",\n        \"route53domain:Describe*\"\n      ],\n      \"Resource\": \"*\"\n    },\n    {\n      \"Sid\": \"s3\",\n      \"Effect\": \"Allow\",\n      \"Action\": [\n        \"s3:View*\",\n        \"s3:List*\",\n        \"s3:Get*\",\n        \"s3:Describe*\"\n      ],\n      \"Resource\": \"*\"\n    }\n  ]\n}",
              "{\n  \"Version\": \"2012-10-17\",\n  \"Statement\": [\n    {\n      \"Sid\": \"ce\",\n      \"Effect\": \"Allow\",\n      \"Action\": [\n        \"ce:View*\",\n        \"ce:List*\",\n        \"ce:Get*\",\n        \"ce:Describe*\"\n      ],\n      \"Resource\": \"*\"\n    },\n    {\n      \"Sid\": \"health\",\n      \"Effect\": \"Allow\",\n      \"Action\": [\n        \"health:View*\",\n        \"health:List*\",\n        \"health:Get*\",\n        \"health:Describe*\"\n      ],\n      \"Resource\": \"*\"\n    },\n    {\n      \"Sid\": \"resourcegroups\",\n      \"Effect\": \"Allow\",\n      \"Action\": [\n        \"resource-groups:View*\",\n        \"resource-groups:List*\",\n        \"resource-groups:Get*\",\n        \"resource-groups:Describe*\"\n      ],\n      \"Resource\": \"*\"\n    },\n    {\n      \"Sid\": \"tag\",\n      \"Effect\": \"Allow\",\n      \"Action\": [\n        \"tag:View*\",\n        \"tag:List*\",\n        \"tag:Get*\",\n        \"tag:Describe*\"\n      ],\n      \"Resource\": \"*\"\n    }\n  ]\n}",
              "{\n  \"Version\": \"2012-10-17\",\n  \"Statement\": [\n    {\n      \"Sid\": \"STS\",\n      \"Effect\": \"Allow\",\n      \"Action\": [\n        \"sts:GetSessionToken\",\n        \"sts:GetCallerIdentity\",\n        \"sts:GetAccessKeyInfo\"\n      ],\n      \"Resource\": \"*\"\n    }\n  ]\n}",
              "{\n  \"Version\": \"2012-10-17\",\n  \"Statement\": [\n    {\n      \"Sid\": \"AllowLogsQuery\",\n      \"Effect\": \"Allow\",\n      \"Action\": [\n        \"logs:StopQuery\",\n        \"logs:StartQuery\",\n        \"logs:FilterLogEvents\"\n      ],\n      \"Resource\": \"*\"\n    }\n  ]\n}",
              "{}"
            ],
            "statement": null,
            "version": "2012-10-17"
          },
          "sensitive_attributes": []
        }
      ]
    },
    {
      "module": "module.iam_readonly_policy",
      "mode": "data",
      "type": "aws_iam_policy_document",
      "name": "console_services",
      "provider": "provider[\"registry.terraform.io/hashicorp/aws\"]",
      "instances": [
        {
          "index_key": 0,
          "schema_version": 0,
          "attributes": {
            "id": "1446926244",
            "json": "{\n  \"Version\": \"2012-10-17\",\n  \"Statement\": [\n    {\n      \"Sid\": \"ce\",\n      \"Effect\": \"Allow\",\n      \"Action\": [\n        \"ce:View*\",\n        \"ce:List*\",\n        \"ce:Get*\",\n        \"ce:Describe*\"\n      ],\n      \"Resource\": \"*\"\n    },\n    {\n      \"Sid\": \"health\",\n      \"Effect\": \"Allow\",\n      \"Action\": [\n        \"health:View*\",\n        \"health:List*\",\n        \"health:Get*\",\n        \"health:Describe*\"\n      ],\n      \"Resource\": \"*\"\n    },\n    {\n      \"Sid\": \"resourcegroups\",\n      \"Effect\": \"Allow\",\n      \"Action\": [\n        \"resource-groups:View*\",\n        \"resource-groups:List*\",\n        \"resource-groups:Get*\",\n        \"resource-groups:Describe*\"\n      ],\n      \"Resource\": \"*\"\n    },\n    {\n      \"Sid\": \"tag\",\n      \"Effect\": \"Allow\",\n      \"Action\": [\n        \"tag:View*\",\n        \"tag:List*\",\n        \"tag:Get*\",\n        \"tag:Describe*\"\n      ],\n      \"Resource\": \"*\"\n    }\n  ]\n}",
            "override_json": null,
            "override_policy_documents": null,
            "policy_id": null,
            "source_json": null,
            "source_policy_documents": null,
            "statement": [
              {
                "actions": [
                  "ce:Describe*",
                  "ce:Get*",
                  "ce:List*",
                  "ce:View*"
                ],
                "condition": [],
                "effect": "Allow",
                "not_actions": [],
                "not_principals": [],
                "not_resources": [],
                "principals": [],
                "resources": [
                  "*"
                ],
                "sid": "ce"
              },
              {
                "actions": [
                  "health:Describe*",
                  "health:Get*",
                  "health:List*",
                  "health:View*"
                ],
                "condition": [],
                "effect": "Allow",
                "not_actions": [],
                "not_principals": [],
                "not_resources": [],
                "principals": [],
                "resources": [
                  "*"
                ],
                "sid": "health"
              },
              {
                "actions": [
                  "resource-groups:Describe*",
                  "resource-groups:Get*",
                  "resource-groups:List*",
                  "resource-groups:View*"
                ],
                "condition": [],
                "effect": "Allow",
                "not_actions": [],
                "not_principals": [],
                "not_resources": [],
                "principals": [],
                "resources": [
                  "*"
                ],
                "sid": "resourcegroups"
              },
              {
                "actions": [
                  "tag:Describe*",
                  "tag:Get*",
                  "tag:List*",
                  "tag:View*"
                ],
                "condition": [],
                "effect": "Allow",
                "not_actions": [],
                "not_principals": [],
                "not_resources": [],
                "principals": [],
                "resources": [
                  "*"
                ],
                "sid": "tag"
              }
            ],
            "version": "2012-10-17"
          },
          "sensitive_attributes": []
        }
      ]
    },
    {
      "module": "module.iam_readonly_policy",
      "mode": "data",
      "type": "aws_iam_policy_document",
      "name": "logs_query",
      "provider": "provider[\"registry.terraform.io/hashicorp/aws\"]",
      "instances": [
        {
          "index_key": 0,
          "schema_version": 0,
          "attributes": {
            "id": "1180906936",
            "json": "{\n  \"Version\": \"2012-10-17\",\n  \"Statement\": [\n    {\n      \"Sid\": \"AllowLogsQuery\",\n      \"Effect\": \"Allow\",\n      \"Action\": [\n        \"logs:StopQuery\",\n        \"logs:StartQuery\",\n        \"logs:FilterLogEvents\"\n      ],\n      \"Resource\": \"*\"\n    }\n  ]\n}",
            "override_json": null,
            "override_policy_documents": null,
            "policy_id": null,
            "source_json": null,
            "source_policy_documents": null,
            "statement": [
              {
                "actions": [
                  "logs:FilterLogEvents",
                  "logs:StartQuery",
                  "logs:StopQuery"
                ],
                "condition": [],
                "effect": "Allow",
                "not_actions": [],
                "not_principals": [],
                "not_resources": [],
                "principals": [],
                "resources": [
                  "*"
                ],
                "sid": "AllowLogsQuery"
              }
            ],
            "version": "2012-10-17"
          },
          "sensitive_attributes": []
        }
      ]
    },
    {
      "module": "module.iam_readonly_policy",
      "mode": "data",
      "type": "aws_iam_policy_document",
      "name": "sts",
      "provider": "provider[\"registry.terraform.io/hashicorp/aws\"]",
      "instances": [
        {
          "index_key": 0,
          "schema_version": 0,
          "attributes": {
            "id": "2290722537",
            "json": "{\n  \"Version\": \"2012-10-17\",\n  \"Statement\": [\n    {\n      \"Sid\": \"STS\",\n      \"Effect\": \"Allow\",\n      \"Action\": [\n        \"sts:GetSessionToken\",\n        \"sts:GetCallerIdentity\",\n        \"sts:GetAccessKeyInfo\"\n      ],\n      \"Resource\": \"*\"\n    }\n  ]\n}",
            "override_json": null,
            "override_policy_documents": null,
            "policy_id": null,
            "source_json": null,
            "source_policy_documents": null,
            "statement": [
              {
                "actions": [
                  "sts:GetAccessKeyInfo",
                  "sts:GetCallerIdentity",
                  "sts:GetSessionToken"
                ],
                "condition": [],
                "effect": "Allow",
                "not_actions": [],
                "not_principals": [],
                "not_resources": [],
                "principals": [],
                "resources": [
                  "*"
                ],
                "sid": "STS"
              }
            ],
            "version": "2012-10-17"
          },
          "sensitive_attributes": []
        }
      ]
    },
    {
      "module": "module.iam_readonly_policy",
      "mode": "managed",
      "type": "aws_iam_policy",
      "name": "policy",
      "provider": "provider[\"registry.terraform.io/hashicorp/aws\"]",
      "instances": [
        {
          "index_key": 0,
          "schema_version": 0,
          "attributes": {
            "arn": "arn:aws:iam::570396479773:policy/dev-readonly",
            "description": "IAM Policy",
            "id": "arn:aws:iam::570396479773:policy/dev-readonly",
            "name": "dev-readonly",
            "name_prefix": null,
            "path": "/",
            "policy": "{\"Statement\":[{\"Action\":[\"codeartifact:View*\",\"codeartifact:List*\",\"codeartifact:Get*\",\"codeartifact:Describe*\"],\"Effect\":\"Allow\",\"Resource\":\"*\",\"Sid\":\"codeartifact\"},{\"Action\":[\"ec2:View*\",\"ec2:List*\",\"ec2:Get*\",\"ec2:Describe*\"],\"Effect\":\"Allow\",\"Resource\":\"*\",\"Sid\":\"ec2\"},{\"Action\":[\"lambda:View*\",\"lambda:List*\",\"lambda:Get*\",\"lambda:Describe*\"],\"Effect\":\"Allow\",\"Resource\":\"*\",\"Sid\":\"lambda\"},{\"Action\":[\"rds:View*\",\"rds:List*\",\"rds:Get*\",\"rds:Describe*\"],\"Effect\":\"Allow\",\"Resource\":\"*\",\"Sid\":\"rds\"},{\"Action\":[\"route53:View*\",\"route53:List*\",\"route53:Get*\",\"route53:Describe*\"],\"Effect\":\"Allow\",\"Resource\":\"*\",\"Sid\":\"route53\"},{\"Action\":[\"route53domain:View*\",\"route53domain:List*\",\"route53domain:Get*\",\"route53domain:Describe*\"],\"Effect\":\"Allow\",\"Resource\":\"*\",\"Sid\":\"route53domain\"},{\"Action\":[\"s3:View*\",\"s3:List*\",\"s3:Get*\",\"s3:Describe*\"],\"Effect\":\"Allow\",\"Resource\":\"*\",\"Sid\":\"s3\"},{\"Action\":[\"ce:View*\",\"ce:List*\",\"ce:Get*\",\"ce:Describe*\"],\"Effect\":\"Allow\",\"Resource\":\"*\",\"Sid\":\"ce\"},{\"Action\":[\"health:View*\",\"health:List*\",\"health:Get*\",\"health:Describe*\"],\"Effect\":\"Allow\",\"Resource\":\"*\",\"Sid\":\"health\"},{\"Action\":[\"resource-groups:View*\",\"resource-groups:List*\",\"resource-groups:Get*\",\"resource-groups:Describe*\"],\"Effect\":\"Allow\",\"Resource\":\"*\",\"Sid\":\"resourcegroups\"},{\"Action\":[\"tag:View*\",\"tag:List*\",\"tag:Get*\",\"tag:Describe*\"],\"Effect\":\"Allow\",\"Resource\":\"*\",\"Sid\":\"tag\"},{\"Action\":[\"sts:GetSessionToken\",\"sts:GetCallerIdentity\",\"sts:GetAccessKeyInfo\"],\"Effect\":\"Allow\",\"Resource\":\"*\",\"Sid\":\"STS\"},{\"Action\":[\"logs:StopQuery\",\"logs:StartQuery\",\"logs:FilterLogEvents\"],\"Effect\":\"Allow\",\"Resource\":\"*\",\"Sid\":\"AllowLogsQuery\"}],\"Version\":\"2012-10-17\"}",
            "policy_id": "ANPAYJTSHSEOYWOYSELXS",
            "tags": {},
            "tags_all": {}
          },
          "sensitive_attributes": [],
          "private": "bnVsbA==",
          "dependencies": [
            "module.iam_readonly_policy.data.aws_iam_policy_document.allowed_services",
            "module.iam_readonly_policy.data.aws_iam_policy_document.combined",
            "module.iam_readonly_policy.data.aws_iam_policy_document.console_services",
            "module.iam_readonly_policy.data.aws_iam_policy_document.logs_query",
            "module.iam_readonly_policy.data.aws_iam_policy_document.sts"
          ]
        }
      ]
    },
    {
      "module": "module.vpc",
      "mode": "managed",
      "type": "aws_eip",
      "name": "nat",
      "provider": "provider[\"registry.terraform.io/hashicorp/aws\"]",
      "instances": [
        {
          "index_key": 0,
          "schema_version": 0,
          "attributes": {
            "address": null,
            "allocation_id": "eipalloc-09ba2ef0ec3b705bf",
            "associate_with_private_ip": null,
            "association_id": "eipassoc-0fa951a0b84ebd88b",
            "carrier_ip": "",
            "customer_owned_ip": "",
            "customer_owned_ipv4_pool": "",
            "domain": "vpc",
            "id": "eipalloc-09ba2ef0ec3b705bf",
            "instance": "",
            "network_border_group": "us-east-1",
            "network_interface": "eni-01da3534dc34e61f1",
            "private_dns": "ip-10-10-100-248.ec2.internal",
            "private_ip": "10.10.100.248",
            "public_dns": "ec2-34-226-6-219.compute-1.amazonaws.com",
            "public_ip": "34.226.6.219",
            "public_ipv4_pool": "amazon",
            "tags": {
              "Environment": "dev",
              "Name": "liatrio-int-dev-vpc",
              "kubernetes.io/cluster/dev-eks": "shared"
            },
            "tags_all": {
              "Environment": "dev",
              "Name": "liatrio-int-dev-vpc",
              "kubernetes.io/cluster/dev-eks": "shared"
            },
            "timeouts": null,
            "vpc": true
          },
          "sensitive_attributes": [],
          "private": "eyJlMmJmYjczMC1lY2FhLTExZTYtOGY4OC0zNDM2M2JjN2M0YzAiOnsiZGVsZXRlIjoxODAwMDAwMDAwMDAsInJlYWQiOjkwMDAwMDAwMDAwMCwidXBkYXRlIjozMDAwMDAwMDAwMDB9fQ=="
        }
      ]
    },
    {
      "module": "module.vpc",
      "mode": "managed",
      "type": "aws_internet_gateway",
      "name": "this",
      "provider": "provider[\"registry.terraform.io/hashicorp/aws\"]",
      "instances": [
        {
          "index_key": 0,
          "schema_version": 0,
          "attributes": {
            "arn": "arn:aws:ec2:us-east-1:570396479773:internet-gateway/igw-0946879feca558620",
            "id": "igw-0946879feca558620",
            "owner_id": "570396479773",
            "tags": {
              "Environment": "dev",
              "Name": "liatrio-int-dev-vpc",
              "kubernetes.io/cluster/dev-eks": "shared"
            },
            "tags_all": {
              "Environment": "dev",
              "Name": "liatrio-int-dev-vpc",
              "kubernetes.io/cluster/dev-eks": "shared"
            },
            "timeouts": null,
            "vpc_id": "vpc-03f34c75746c46efd"
          },
          "sensitive_attributes": [],
          "private": "eyJlMmJmYjczMC1lY2FhLTExZTYtOGY4OC0zNDM2M2JjN2M0YzAiOnsiY3JlYXRlIjoxMjAwMDAwMDAwMDAwLCJkZWxldGUiOjEyMDAwMDAwMDAwMDAsInVwZGF0ZSI6MTIwMDAwMDAwMDAwMH19",
          "dependencies": [
            "module.vpc.aws_vpc.this",
            "module.vpc.aws_vpc_ipv4_cidr_block_association.this"
          ]
        }
      ]
    },
    {
      "module": "module.vpc",
      "mode": "managed",
      "type": "aws_nat_gateway",
      "name": "this",
      "provider": "provider[\"registry.terraform.io/hashicorp/aws\"]",
      "instances": [
        {
          "index_key": 0,
          "schema_version": 0,
          "attributes": {
            "allocation_id": "eipalloc-09ba2ef0ec3b705bf",
            "connectivity_type": "public",
            "id": "nat-08b1a2f78dcb79f27",
            "network_interface_id": "eni-01da3534dc34e61f1",
            "private_ip": "10.10.100.248",
            "public_ip": "34.226.6.219",
            "subnet_id": "subnet-0a58b794d62138e37",
            "tags": {
              "Environment": "dev",
              "Name": "liatrio-int-dev-vpc",
              "kubernetes.io/cluster/dev-eks": "shared"
            },
            "tags_all": {
              "Environment": "dev",
              "Name": "liatrio-int-dev-vpc",
              "kubernetes.io/cluster/dev-eks": "shared"
            }
          },
          "sensitive_attributes": [],
          "private": "bnVsbA==",
          "dependencies": [
            "module.vpc.aws_eip.nat",
            "module.vpc.aws_internet_gateway.this",
            "module.vpc.aws_subnet.public",
            "module.vpc.aws_vpc.this",
            "module.vpc.aws_vpc_ipv4_cidr_block_association.this"
          ]
        }
      ]
    },
    {
      "module": "module.vpc",
      "mode": "managed",
      "type": "aws_route",
      "name": "private_nat_gateway",
      "provider": "provider[\"registry.terraform.io/hashicorp/aws\"]",
      "instances": [
        {
          "index_key": 0,
          "schema_version": 0,
          "attributes": {
            "carrier_gateway_id": "",
            "core_network_arn": "",
            "destination_cidr_block": "0.0.0.0/0",
            "destination_ipv6_cidr_block": "",
            "destination_prefix_list_id": "",
            "egress_only_gateway_id": "",
            "gateway_id": "",
            "id": "r-rtb-0b5139f31b2b2afbb1080289494",
            "instance_id": "",
            "instance_owner_id": "",
            "local_gateway_id": "",
            "nat_gateway_id": "nat-08b1a2f78dcb79f27",
            "network_interface_id": "",
            "origin": "CreateRoute",
            "route_table_id": "rtb-0b5139f31b2b2afbb",
            "state": "active",
            "timeouts": {
              "create": "5m",
              "delete": null,
              "update": null
            },
            "transit_gateway_id": "",
            "vpc_endpoint_id": "",
            "vpc_peering_connection_id": ""
          },
          "sensitive_attributes": [],
          "private": "eyJlMmJmYjczMC1lY2FhLTExZTYtOGY4OC0zNDM2M2JjN2M0YzAiOnsiY3JlYXRlIjozMDAwMDAwMDAwMDAsImRlbGV0ZSI6MzAwMDAwMDAwMDAwLCJ1cGRhdGUiOjEyMDAwMDAwMDAwMH19",
          "dependencies": [
            "module.vpc.aws_eip.nat",
            "module.vpc.aws_internet_gateway.this",
            "module.vpc.aws_nat_gateway.this",
            "module.vpc.aws_route_table.private",
            "module.vpc.aws_subnet.public",
            "module.vpc.aws_vpc.this",
            "module.vpc.aws_vpc_ipv4_cidr_block_association.this"
          ]
        }
      ]
    },
    {
      "module": "module.vpc",
      "mode": "managed",
      "type": "aws_route",
      "name": "public_internet_gateway",
      "provider": "provider[\"registry.terraform.io/hashicorp/aws\"]",
      "instances": [
        {
          "index_key": 0,
          "schema_version": 0,
          "attributes": {
            "carrier_gateway_id": "",
            "core_network_arn": "",
            "destination_cidr_block": "0.0.0.0/0",
            "destination_ipv6_cidr_block": "",
            "destination_prefix_list_id": "",
            "egress_only_gateway_id": "",
            "gateway_id": "igw-0946879feca558620",
            "id": "r-rtb-074acd9338c69a1991080289494",
            "instance_id": "",
            "instance_owner_id": "",
            "local_gateway_id": "",
            "nat_gateway_id": "",
            "network_interface_id": "",
            "origin": "CreateRoute",
            "route_table_id": "rtb-074acd9338c69a199",
            "state": "active",
            "timeouts": {
              "create": "5m",
              "delete": null,
              "update": null
            },
            "transit_gateway_id": "",
            "vpc_endpoint_id": "",
            "vpc_peering_connection_id": ""
          },
          "sensitive_attributes": [],
          "private": "eyJlMmJmYjczMC1lY2FhLTExZTYtOGY4OC0zNDM2M2JjN2M0YzAiOnsiY3JlYXRlIjozMDAwMDAwMDAwMDAsImRlbGV0ZSI6MzAwMDAwMDAwMDAwLCJ1cGRhdGUiOjEyMDAwMDAwMDAwMH19",
          "dependencies": [
            "module.vpc.aws_internet_gateway.this",
            "module.vpc.aws_route_table.public",
            "module.vpc.aws_vpc.this",
            "module.vpc.aws_vpc_ipv4_cidr_block_association.this"
          ]
        }
      ]
    },
    {
      "module": "module.vpc",
      "mode": "managed",
      "type": "aws_route_table",
      "name": "private",
      "provider": "provider[\"registry.terraform.io/hashicorp/aws\"]",
      "instances": [
        {
          "index_key": 0,
          "schema_version": 0,
          "attributes": {
            "arn": "arn:aws:ec2:us-east-1:570396479773:route-table/rtb-0b5139f31b2b2afbb",
            "id": "rtb-0b5139f31b2b2afbb",
            "owner_id": "570396479773",
            "propagating_vgws": [],
            "route": [
              {
                "carrier_gateway_id": "",
                "cidr_block": "0.0.0.0/0",
                "core_network_arn": "",
                "destination_prefix_list_id": "",
                "egress_only_gateway_id": "",
                "gateway_id": "",
                "instance_id": "",
                "ipv6_cidr_block": "",
                "local_gateway_id": "",
                "nat_gateway_id": "nat-08b1a2f78dcb79f27",
                "network_interface_id": "",
                "transit_gateway_id": "",
                "vpc_endpoint_id": "",
                "vpc_peering_connection_id": ""
              }
            ],
            "tags": {
              "Environment": "dev",
              "Name": "liatrio-int-dev-vpc",
              "kubernetes.io/cluster/dev-eks": "shared"
            },
            "tags_all": {
              "Environment": "dev",
              "Name": "liatrio-int-dev-vpc",
              "kubernetes.io/cluster/dev-eks": "shared"
            },
            "timeouts": null,
            "vpc_id": "vpc-03f34c75746c46efd"
          },
          "sensitive_attributes": [],
          "private": "eyJlMmJmYjczMC1lY2FhLTExZTYtOGY4OC0zNDM2M2JjN2M0YzAiOnsiY3JlYXRlIjozMDAwMDAwMDAwMDAsImRlbGV0ZSI6MzAwMDAwMDAwMDAwLCJ1cGRhdGUiOjEyMDAwMDAwMDAwMH19",
          "dependencies": [
            "module.vpc.aws_vpc.this",
            "module.vpc.aws_vpc_ipv4_cidr_block_association.this"
          ]
        }
      ]
    },
    {
      "module": "module.vpc",
      "mode": "managed",
      "type": "aws_route_table",
      "name": "public",
      "provider": "provider[\"registry.terraform.io/hashicorp/aws\"]",
      "instances": [
        {
          "index_key": 0,
          "schema_version": 0,
          "attributes": {
            "arn": "arn:aws:ec2:us-east-1:570396479773:route-table/rtb-074acd9338c69a199",
            "id": "rtb-074acd9338c69a199",
            "owner_id": "570396479773",
            "propagating_vgws": [],
            "route": [
              {
                "carrier_gateway_id": "",
                "cidr_block": "0.0.0.0/0",
                "core_network_arn": "",
                "destination_prefix_list_id": "",
                "egress_only_gateway_id": "",
                "gateway_id": "igw-0946879feca558620",
                "instance_id": "",
                "ipv6_cidr_block": "",
                "local_gateway_id": "",
                "nat_gateway_id": "",
                "network_interface_id": "",
                "transit_gateway_id": "",
                "vpc_endpoint_id": "",
                "vpc_peering_connection_id": ""
              }
            ],
            "tags": {
              "Environment": "dev",
              "Name": "liatrio-int-dev-vpc",
              "kubernetes.io/cluster/dev-eks": "shared"
            },
            "tags_all": {
              "Environment": "dev",
              "Name": "liatrio-int-dev-vpc",
              "kubernetes.io/cluster/dev-eks": "shared"
            },
            "timeouts": null,
            "vpc_id": "vpc-03f34c75746c46efd"
          },
          "sensitive_attributes": [],
          "private": "eyJlMmJmYjczMC1lY2FhLTExZTYtOGY4OC0zNDM2M2JjN2M0YzAiOnsiY3JlYXRlIjozMDAwMDAwMDAwMDAsImRlbGV0ZSI6MzAwMDAwMDAwMDAwLCJ1cGRhdGUiOjEyMDAwMDAwMDAwMH19",
          "dependencies": [
            "module.vpc.aws_vpc.this",
            "module.vpc.aws_vpc_ipv4_cidr_block_association.this"
          ]
        }
      ]
    },
    {
      "module": "module.vpc",
      "mode": "managed",
      "type": "aws_route_table_association",
      "name": "private",
      "provider": "provider[\"registry.terraform.io/hashicorp/aws\"]",
      "instances": [
        {
          "index_key": 0,
          "schema_version": 0,
          "attributes": {
            "gateway_id": "",
            "id": "rtbassoc-0ea2a1fc59368828c",
            "route_table_id": "rtb-0b5139f31b2b2afbb",
            "subnet_id": "subnet-06a819845464b6648"
          },
          "sensitive_attributes": [],
          "private": "bnVsbA==",
          "dependencies": [
            "module.vpc.aws_route_table.private",
            "module.vpc.aws_subnet.private",
            "module.vpc.aws_vpc.this",
            "module.vpc.aws_vpc_ipv4_cidr_block_association.this"
          ]
        },
        {
          "index_key": 1,
          "schema_version": 0,
          "attributes": {
            "gateway_id": "",
            "id": "rtbassoc-03e405cd6e7c58e76",
            "route_table_id": "rtb-0b5139f31b2b2afbb",
            "subnet_id": "subnet-097b95e82e6065356"
          },
          "sensitive_attributes": [],
          "private": "bnVsbA==",
          "dependencies": [
            "module.vpc.aws_route_table.private",
            "module.vpc.aws_subnet.private",
            "module.vpc.aws_vpc.this",
            "module.vpc.aws_vpc_ipv4_cidr_block_association.this"
          ]
        },
        {
          "index_key": 2,
          "schema_version": 0,
          "attributes": {
            "gateway_id": "",
            "id": "rtbassoc-018d40d83afd88fa1",
            "route_table_id": "rtb-0b5139f31b2b2afbb",
            "subnet_id": "subnet-0a5ccf4f9db05b50f"
          },
          "sensitive_attributes": [],
          "private": "bnVsbA==",
          "dependencies": [
            "module.vpc.aws_route_table.private",
            "module.vpc.aws_subnet.private",
            "module.vpc.aws_vpc.this",
            "module.vpc.aws_vpc_ipv4_cidr_block_association.this"
          ]
        }
      ]
    },
    {
      "module": "module.vpc",
      "mode": "managed",
      "type": "aws_route_table_association",
      "name": "public",
      "provider": "provider[\"registry.terraform.io/hashicorp/aws\"]",
      "instances": [
        {
          "index_key": 0,
          "schema_version": 0,
          "attributes": {
            "gateway_id": "",
            "id": "rtbassoc-06fec75b05b74eb3c",
            "route_table_id": "rtb-074acd9338c69a199",
            "subnet_id": "subnet-0a58b794d62138e37"
          },
          "sensitive_attributes": [],
          "private": "bnVsbA==",
          "dependencies": [
            "module.vpc.aws_route_table.public",
            "module.vpc.aws_subnet.public",
            "module.vpc.aws_vpc.this",
            "module.vpc.aws_vpc_ipv4_cidr_block_association.this"
          ]
        },
        {
          "index_key": 1,
          "schema_version": 0,
          "attributes": {
            "gateway_id": "",
            "id": "rtbassoc-065deb63780d8bfd6",
            "route_table_id": "rtb-074acd9338c69a199",
            "subnet_id": "subnet-062b7610c0f148aab"
          },
          "sensitive_attributes": [],
          "private": "bnVsbA==",
          "dependencies": [
            "module.vpc.aws_route_table.public",
            "module.vpc.aws_subnet.public",
            "module.vpc.aws_vpc.this",
            "module.vpc.aws_vpc_ipv4_cidr_block_association.this"
          ]
        },
        {
          "index_key": 2,
          "schema_version": 0,
          "attributes": {
            "gateway_id": "",
            "id": "rtbassoc-0013b5e9ea0168666",
            "route_table_id": "rtb-074acd9338c69a199",
            "subnet_id": "subnet-0bb5e758c92fdf8bd"
          },
          "sensitive_attributes": [],
          "private": "bnVsbA==",
          "dependencies": [
            "module.vpc.aws_route_table.public",
            "module.vpc.aws_subnet.public",
            "module.vpc.aws_vpc.this",
            "module.vpc.aws_vpc_ipv4_cidr_block_association.this"
          ]
        }
      ]
    },
    {
      "module": "module.vpc",
      "mode": "managed",
      "type": "aws_subnet",
      "name": "private",
      "provider": "provider[\"registry.terraform.io/hashicorp/aws\"]",
      "instances": [
        {
          "index_key": 0,
          "schema_version": 1,
          "attributes": {
            "arn": "arn:aws:ec2:us-east-1:570396479773:subnet/subnet-06a819845464b6648",
            "assign_ipv6_address_on_creation": false,
            "availability_zone": "us-east-1a",
            "availability_zone_id": "use1-az4",
            "cidr_block": "10.10.10.0/24",
            "customer_owned_ipv4_pool": "",
            "enable_dns64": false,
            "enable_resource_name_dns_a_record_on_launch": false,
            "enable_resource_name_dns_aaaa_record_on_launch": false,
            "id": "subnet-06a819845464b6648",
            "ipv6_cidr_block": "",
            "ipv6_cidr_block_association_id": "",
            "ipv6_native": false,
            "map_customer_owned_ip_on_launch": false,
            "map_public_ip_on_launch": false,
            "outpost_arn": "",
            "owner_id": "570396479773",
            "private_dns_hostname_type_on_launch": "ip-name",
            "tags": {
              "Environment": "dev",
              "Name": "liatrio-int-dev-vpc",
              "kubernetes.io/cluster/dev-eks": "shared",
              "kubernetes.io/role/internal-elb": "1"
            },
            "tags_all": {
              "Environment": "dev",
              "Name": "liatrio-int-dev-vpc",
              "kubernetes.io/cluster/dev-eks": "shared",
              "kubernetes.io/role/internal-elb": "1"
            },
            "timeouts": null,
            "vpc_id": "vpc-03f34c75746c46efd"
          },
          "sensitive_attributes": [],
          "private": "eyJlMmJmYjczMC1lY2FhLTExZTYtOGY4OC0zNDM2M2JjN2M0YzAiOnsiY3JlYXRlIjo2MDAwMDAwMDAwMDAsImRlbGV0ZSI6MTIwMDAwMDAwMDAwMH0sInNjaGVtYV92ZXJzaW9uIjoiMSJ9",
          "dependencies": [
            "module.vpc.aws_vpc.this",
            "module.vpc.aws_vpc_ipv4_cidr_block_association.this"
          ],
          "create_before_destroy": true
        },
        {
          "index_key": 1,
          "schema_version": 1,
          "attributes": {
            "arn": "arn:aws:ec2:us-east-1:570396479773:subnet/subnet-097b95e82e6065356",
            "assign_ipv6_address_on_creation": false,
            "availability_zone": "us-east-1b",
            "availability_zone_id": "use1-az6",
            "cidr_block": "10.10.11.0/24",
            "customer_owned_ipv4_pool": "",
            "enable_dns64": false,
            "enable_resource_name_dns_a_record_on_launch": false,
            "enable_resource_name_dns_aaaa_record_on_launch": false,
            "id": "subnet-097b95e82e6065356",
            "ipv6_cidr_block": "",
            "ipv6_cidr_block_association_id": "",
            "ipv6_native": false,
            "map_customer_owned_ip_on_launch": false,
            "map_public_ip_on_launch": false,
            "outpost_arn": "",
            "owner_id": "570396479773",
            "private_dns_hostname_type_on_launch": "ip-name",
            "tags": {
              "Environment": "dev",
              "Name": "liatrio-int-dev-vpc",
              "kubernetes.io/cluster/dev-eks": "shared",
              "kubernetes.io/role/internal-elb": "1"
            },
            "tags_all": {
              "Environment": "dev",
              "Name": "liatrio-int-dev-vpc",
              "kubernetes.io/cluster/dev-eks": "shared",
              "kubernetes.io/role/internal-elb": "1"
            },
            "timeouts": null,
            "vpc_id": "vpc-03f34c75746c46efd"
          },
          "sensitive_attributes": [],
          "private": "eyJlMmJmYjczMC1lY2FhLTExZTYtOGY4OC0zNDM2M2JjN2M0YzAiOnsiY3JlYXRlIjo2MDAwMDAwMDAwMDAsImRlbGV0ZSI6MTIwMDAwMDAwMDAwMH0sInNjaGVtYV92ZXJzaW9uIjoiMSJ9",
          "dependencies": [
            "module.vpc.aws_vpc.this",
            "module.vpc.aws_vpc_ipv4_cidr_block_association.this"
          ],
          "create_before_destroy": true
        },
        {
          "index_key": 2,
          "schema_version": 1,
          "attributes": {
            "arn": "arn:aws:ec2:us-east-1:570396479773:subnet/subnet-0a5ccf4f9db05b50f",
            "assign_ipv6_address_on_creation": false,
            "availability_zone": "us-east-1c",
            "availability_zone_id": "use1-az1",
            "cidr_block": "10.10.12.0/24",
            "customer_owned_ipv4_pool": "",
            "enable_dns64": false,
            "enable_resource_name_dns_a_record_on_launch": false,
            "enable_resource_name_dns_aaaa_record_on_launch": false,
            "id": "subnet-0a5ccf4f9db05b50f",
            "ipv6_cidr_block": "",
            "ipv6_cidr_block_association_id": "",
            "ipv6_native": false,
            "map_customer_owned_ip_on_launch": false,
            "map_public_ip_on_launch": false,
            "outpost_arn": "",
            "owner_id": "570396479773",
            "private_dns_hostname_type_on_launch": "ip-name",
            "tags": {
              "Environment": "dev",
              "Name": "liatrio-int-dev-vpc",
              "kubernetes.io/cluster/dev-eks": "shared",
              "kubernetes.io/role/internal-elb": "1"
            },
            "tags_all": {
              "Environment": "dev",
              "Name": "liatrio-int-dev-vpc",
              "kubernetes.io/cluster/dev-eks": "shared",
              "kubernetes.io/role/internal-elb": "1"
            },
            "timeouts": null,
            "vpc_id": "vpc-03f34c75746c46efd"
          },
          "sensitive_attributes": [],
          "private": "eyJlMmJmYjczMC1lY2FhLTExZTYtOGY4OC0zNDM2M2JjN2M0YzAiOnsiY3JlYXRlIjo2MDAwMDAwMDAwMDAsImRlbGV0ZSI6MTIwMDAwMDAwMDAwMH0sInNjaGVtYV92ZXJzaW9uIjoiMSJ9",
          "dependencies": [
            "module.vpc.aws_vpc.this",
            "module.vpc.aws_vpc_ipv4_cidr_block_association.this"
          ],
          "create_before_destroy": true
        }
      ]
    },
    {
      "module": "module.vpc",
      "mode": "managed",
      "type": "aws_subnet",
      "name": "public",
      "provider": "provider[\"registry.terraform.io/hashicorp/aws\"]",
      "instances": [
        {
          "index_key": 0,
          "schema_version": 1,
          "attributes": {
            "arn": "arn:aws:ec2:us-east-1:570396479773:subnet/subnet-0a58b794d62138e37",
            "assign_ipv6_address_on_creation": false,
            "availability_zone": "us-east-1a",
            "availability_zone_id": "use1-az4",
            "cidr_block": "10.10.100.0/24",
            "customer_owned_ipv4_pool": "",
            "enable_dns64": false,
            "enable_resource_name_dns_a_record_on_launch": false,
            "enable_resource_name_dns_aaaa_record_on_launch": false,
            "id": "subnet-0a58b794d62138e37",
            "ipv6_cidr_block": "",
            "ipv6_cidr_block_association_id": "",
            "ipv6_native": false,
            "map_customer_owned_ip_on_launch": false,
            "map_public_ip_on_launch": true,
            "outpost_arn": "",
            "owner_id": "570396479773",
            "private_dns_hostname_type_on_launch": "ip-name",
            "tags": {
              "Environment": "dev",
              "Name": "liatrio-int-dev-vpc",
              "kubernetes.io/cluster/dev-eks": "shared",
              "kubernetes.io/role/elb": "1"
            },
            "tags_all": {
              "Environment": "dev",
              "Name": "liatrio-int-dev-vpc",
              "kubernetes.io/cluster/dev-eks": "shared",
              "kubernetes.io/role/elb": "1"
            },
            "timeouts": null,
            "vpc_id": "vpc-03f34c75746c46efd"
          },
          "sensitive_attributes": [],
          "private": "eyJlMmJmYjczMC1lY2FhLTExZTYtOGY4OC0zNDM2M2JjN2M0YzAiOnsiY3JlYXRlIjo2MDAwMDAwMDAwMDAsImRlbGV0ZSI6MTIwMDAwMDAwMDAwMH0sInNjaGVtYV92ZXJzaW9uIjoiMSJ9",
          "dependencies": [
            "module.vpc.aws_vpc.this",
            "module.vpc.aws_vpc_ipv4_cidr_block_association.this"
          ]
        },
        {
          "index_key": 1,
          "schema_version": 1,
          "attributes": {
            "arn": "arn:aws:ec2:us-east-1:570396479773:subnet/subnet-062b7610c0f148aab",
            "assign_ipv6_address_on_creation": false,
            "availability_zone": "us-east-1b",
            "availability_zone_id": "use1-az6",
            "cidr_block": "10.10.101.0/24",
            "customer_owned_ipv4_pool": "",
            "enable_dns64": false,
            "enable_resource_name_dns_a_record_on_launch": false,
            "enable_resource_name_dns_aaaa_record_on_launch": false,
            "id": "subnet-062b7610c0f148aab",
            "ipv6_cidr_block": "",
            "ipv6_cidr_block_association_id": "",
            "ipv6_native": false,
            "map_customer_owned_ip_on_launch": false,
            "map_public_ip_on_launch": true,
            "outpost_arn": "",
            "owner_id": "570396479773",
            "private_dns_hostname_type_on_launch": "ip-name",
            "tags": {
              "Environment": "dev",
              "Name": "liatrio-int-dev-vpc",
              "kubernetes.io/cluster/dev-eks": "shared",
              "kubernetes.io/role/elb": "1"
            },
            "tags_all": {
              "Environment": "dev",
              "Name": "liatrio-int-dev-vpc",
              "kubernetes.io/cluster/dev-eks": "shared",
              "kubernetes.io/role/elb": "1"
            },
            "timeouts": null,
            "vpc_id": "vpc-03f34c75746c46efd"
          },
          "sensitive_attributes": [],
          "private": "eyJlMmJmYjczMC1lY2FhLTExZTYtOGY4OC0zNDM2M2JjN2M0YzAiOnsiY3JlYXRlIjo2MDAwMDAwMDAwMDAsImRlbGV0ZSI6MTIwMDAwMDAwMDAwMH0sInNjaGVtYV92ZXJzaW9uIjoiMSJ9",
          "dependencies": [
            "module.vpc.aws_vpc.this",
            "module.vpc.aws_vpc_ipv4_cidr_block_association.this"
          ]
        },
        {
          "index_key": 2,
          "schema_version": 1,
          "attributes": {
            "arn": "arn:aws:ec2:us-east-1:570396479773:subnet/subnet-0bb5e758c92fdf8bd",
            "assign_ipv6_address_on_creation": false,
            "availability_zone": "us-east-1c",
            "availability_zone_id": "use1-az1",
            "cidr_block": "10.10.102.0/24",
            "customer_owned_ipv4_pool": "",
            "enable_dns64": false,
            "enable_resource_name_dns_a_record_on_launch": false,
            "enable_resource_name_dns_aaaa_record_on_launch": false,
            "id": "subnet-0bb5e758c92fdf8bd",
            "ipv6_cidr_block": "",
            "ipv6_cidr_block_association_id": "",
            "ipv6_native": false,
            "map_customer_owned_ip_on_launch": false,
            "map_public_ip_on_launch": true,
            "outpost_arn": "",
            "owner_id": "570396479773",
            "private_dns_hostname_type_on_launch": "ip-name",
            "tags": {
              "Environment": "dev",
              "Name": "liatrio-int-dev-vpc",
              "kubernetes.io/cluster/dev-eks": "shared",
              "kubernetes.io/role/elb": "1"
            },
            "tags_all": {
              "Environment": "dev",
              "Name": "liatrio-int-dev-vpc",
              "kubernetes.io/cluster/dev-eks": "shared",
              "kubernetes.io/role/elb": "1"
            },
            "timeouts": null,
            "vpc_id": "vpc-03f34c75746c46efd"
          },
          "sensitive_attributes": [],
          "private": "eyJlMmJmYjczMC1lY2FhLTExZTYtOGY4OC0zNDM2M2JjN2M0YzAiOnsiY3JlYXRlIjo2MDAwMDAwMDAwMDAsImRlbGV0ZSI6MTIwMDAwMDAwMDAwMH0sInNjaGVtYV92ZXJzaW9uIjoiMSJ9",
          "dependencies": [
            "module.vpc.aws_vpc.this",
            "module.vpc.aws_vpc_ipv4_cidr_block_association.this"
          ]
        }
      ]
    },
    {
      "module": "module.vpc",
      "mode": "managed",
      "type": "aws_vpc",
      "name": "this",
      "provider": "provider[\"registry.terraform.io/hashicorp/aws\"]",
      "instances": [
        {
          "index_key": 0,
          "schema_version": 1,
          "attributes": {
            "arn": "arn:aws:ec2:us-east-1:570396479773:vpc/vpc-03f34c75746c46efd",
            "assign_generated_ipv6_cidr_block": false,
            "cidr_block": "10.10.0.0/16",
            "default_network_acl_id": "acl-022cc82679b4ab508",
            "default_route_table_id": "rtb-0f0e112fe6d6882a6",
            "default_security_group_id": "sg-0717173e3b6f91dd8",
            "dhcp_options_id": "dopt-c36f0ba5",
            "enable_classiclink": false,
            "enable_classiclink_dns_support": false,
            "enable_dns_hostnames": true,
            "enable_dns_support": true,
            "id": "vpc-03f34c75746c46efd",
            "instance_tenancy": "default",
            "ipv4_ipam_pool_id": null,
            "ipv4_netmask_length": null,
            "ipv6_association_id": "",
            "ipv6_cidr_block": "",
            "ipv6_cidr_block_network_border_group": "",
            "ipv6_ipam_pool_id": "",
            "ipv6_netmask_length": 0,
            "main_route_table_id": "rtb-0f0e112fe6d6882a6",
            "owner_id": "570396479773",
            "tags": {
              "Environment": "dev",
              "Name": "liatrio-int-dev-vpc",
              "kubernetes.io/cluster/dev-eks": "shared"
            },
            "tags_all": {
              "Environment": "dev",
              "Name": "liatrio-int-dev-vpc",
              "kubernetes.io/cluster/dev-eks": "shared"
            }
          },
          "sensitive_attributes": [],
          "private": "eyJzY2hlbWFfdmVyc2lvbiI6IjEifQ==",
          "create_before_destroy": true
        }
      ]
    }
  ]
}
